
Microsoft Visual Studio Solution File, Format Version 12.00
# Visual Studio Version 17
VisualStudioVersion = 17.0.31903.59
MinimumVisualStudioVersion = 10.0.40219.1
Project("{FAE04EC0-301F-11D3-BF4B-00C04F79EFBC}") = "API", "API\API.csproj", "{C9819537-B120-4B69-AA36-03B6118D26AF}"
EndProject
Project("{FAE04EC0-301F-11D3-BF4B-00C04F79EFBC}") = "Core", "Core\Core.csproj", "{F3BC1614-FDD2-4668-AFCB-C28D89AA74C4}"
EndProject
Project("{FAE04EC0-301F-11D3-BF4B-00C04F79EFBC}") = "Infrastructure", "Infrastructure\Infrastructure.csproj", "{462A0D4B-19E3-4AC3-911E-A90C137F35FB}"
EndProject
Global
	GlobalSection(SolutionConfigurationPlatforms) = preSolution
		Debug|Any CPU = Debug|Any CPU
		Release|Any CPU = Release|Any CPU
	EndGlobalSection
	GlobalSection(SolutionProperties) = preSolution
		HideSolutionNode = FALSE
	EndGlobalSection
	GlobalSection(ProjectConfigurationPlatforms) = postSolution
		{C9819537-B120-4B69-AA36-03B6118D26AF}.Debug|Any CPU.ActiveCfg = Debug|Any CPU
		{C9819537-B120-4B69-AA36-03B6118D26AF}.Debug|Any CPU.Build.0 = Debug|Any CPU
		{C9819537-B120-4B69-AA36-03B6118D26AF}.Release|Any CPU.ActiveCfg = Release|Any CPU
		{C9819537-B120-4B69-AA36-03B6118D26AF}.Release|Any CPU.Build.0 = Release|Any CPU
		{F3BC1614-FDD2-4668-AFCB-C28D89AA74C4}.Debug|Any CPU.ActiveCfg = Debug|Any CPU
		{F3BC1614-FDD2-4668-AFCB-C28D89AA74C4}.Debug|Any CPU.Build.0 = Debug|Any CPU
		{F3BC1614-FDD2-4668-AFCB-C28D89AA74C4}.Release|Any CPU.ActiveCfg = Release|Any CPU
		{F3BC1614-FDD2-4668-AFCB-C28D89AA74C4}.Release|Any CPU.Build.0 = Release|Any CPU
		{462A0D4B-19E3-4AC3-911E-A90C137F35FB}.Debug|Any CPU.ActiveCfg = Debug|Any CPU
		{462A0D4B-19E3-4AC3-911E-A90C137F35FB}.Debug|Any CPU.Build.0 = Debug|Any CPU
		{462A0D4B-19E3-4AC3-911E-A90C137F35FB}.Release|Any CPU.ActiveCfg = Release|Any CPU
		{462A0D4B-19E3-4AC3-911E-A90C137F35FB}.Release|Any CPU.Build.0 = Release|Any CPU
	EndGlobalSection
EndGlobal
